{
  "name": "parameter-store-replicator",
  "version": "1.0.0",
  "lockfileVersion": 1,
  "requires": true,
  "dependencies": {
    "@aws-sdk/service-error-classification": {
      "version": "3.15.0",
      "resolved": "https://registry.npmjs.org/@aws-sdk/service-error-classification/-/service-error-classification-3.15.0.tgz",
      "integrity": "sha512-ay7l8AgtGM3NvvUhsW8cKmTcDX460fGZZLUXUEbdtO274RzHLU3jKSLj0jg74b2212ZFRIMwh2OQHiy8brLu8Q=="
    },
    "@aws-sdk/types": {
      "version": "3.15.0",
      "resolved": "https://registry.npmjs.org/@aws-sdk/types/-/types-3.15.0.tgz",
      "integrity": "sha512-hRfp40av3/dwxUH7KAgfLL3D02ohc7NYs/R0xFgYWEpAieB9/BHKuJPFGOSetqWw+Z6NOLiKKva8+/CcVOqzJQ=="
    },
    "@types/cls-hooked": {
      "version": "4.3.3",
      "resolved": "https://registry.npmjs.org/@types/cls-hooked/-/cls-hooked-4.3.3.tgz",
      "integrity": "sha512-gNstDTb/ty5h6gJd6YpSPgsLX9LmRpaKJqGFp7MRlYxhwp4vXXKlJ9+bt1TZ9KbVNXE+Mbxy2AYXcpY21DDtJw==",
      "requires": {
        "@types/node": "*"
      }
    },
    "@types/node": {
      "version": "15.6.1",
      "resolved": "https://registry.npmjs.org/@types/node/-/node-15.6.1.tgz",
      "integrity": "sha512-7EIraBEyRHEe7CH+Fm1XvgqU6uwZN8Q7jppJGcqjROMT29qhAuuOxYB1uEY5UMYQKEmA5D+5tBnhdaPXSsLONA=="
    },
    "async-hook-jl": {
      "version": "1.7.6",
      "resolved": "https://registry.npmjs.org/async-hook-jl/-/async-hook-jl-1.7.6.tgz",
      "integrity": "sha512-gFaHkFfSxTjvoxDMYqDuGHlcRyUuamF8s+ZTtJdDzqjws4mCt7v0vuV79/E2Wr2/riMQgtG4/yUtXWs1gZ7JMg==",
      "requires": {
        "stack-chain": "^1.3.7"
      }
    },
    "atomic-batcher": {
      "version": "1.0.2",
      "resolved": "https://registry.npmjs.org/atomic-batcher/-/atomic-batcher-1.0.2.tgz",
      "integrity": "sha1-0WkB0QzOxZUWwZe5zNiTBom4E7Q="
    },
    "aws-xray-sdk-core": {
      "version": "3.3.3",
      "resolved": "https://registry.npmjs.org/aws-xray-sdk-core/-/aws-xray-sdk-core-3.3.3.tgz",
      "integrity": "sha512-S8o+ZY12wEnDQolC5RGQ8RHZqezHeV3l/ODqrYOJAlRjT92FDutQkQqTfr+hD1Ia+puIXzL9U7eyVSsKmoI+1w==",
      "requires": {
        "@aws-sdk/service-error-classification": "^3.4.1",
        "@aws-sdk/types": "^3.4.1",
        "@types/cls-hooked": "^4.3.3",
        "atomic-batcher": "^1.0.2",
        "cls-hooked": "^4.2.2",
        "semver": "^5.3.0"
      }
    },
    "cls-hooked": {
      "version": "4.2.2",
      "resolved": "https://registry.npmjs.org/cls-hooked/-/cls-hooked-4.2.2.tgz",
      "integrity": "sha512-J4Xj5f5wq/4jAvcdgoGsL3G103BtWpZrMo8NEinRltN+xpTZdI+M38pyQqhuFU/P792xkMFvnKSf+Lm81U1bxw==",
      "requires": {
        "async-hook-jl": "^1.7.6",
        "emitter-listener": "^1.0.1",
        "semver": "^5.4.1"
      }
    },
    "emitter-listener": {
      "version": "1.1.2",
      "resolved": "https://registry.npmjs.org/emitter-listener/-/emitter-listener-1.1.2.tgz",
      "integrity": "sha512-Bt1sBAGFHY9DKY+4/2cV6izcKJUf5T7/gkdmkxzX/qv9CcGH8xSwVRW5mtX03SWJtRTWSOpzCuWN9rBFYZepZQ==",
      "requires": {
        "shimmer": "^1.2.0"
      }
    },
    "semver": {
      "version": "5.7.1",
      "resolved": "https://registry.npmjs.org/semver/-/semver-5.7.1.tgz",
      "integrity": "sha512-sauaDf/PZdVgrLTNYHRtpXa1iRiKcaebiKQ1BJdpQlWH2lCvexQdX55snPFyK7QzpudqbCI0qXFfOasHdyNDGQ=="
    },
    "serverless-plugin-diff": {
      "version": "3.0.0",
      "resolved": "https://registry.npmjs.org/serverless-plugin-diff/-/serverless-plugin-diff-3.0.0.tgz",
      "integrity": "sha512-MA+sLDlExHxEi2V6MREOYne93/EeTB93nIgUFwtKFHz+r5HAPXqoK/L+s0slxSoMi0AvNFV0ckigMZ2DkPl7PQ==",
      "dev": true,
      "requires": {
        "aws-sdk": "^2.6.15",
        "fs-promise": "^0.5.0",
        "json-diff": "^0.7.3"
      },
      "dependencies": {
        "any-promise": {
          "version": "1.3.0",
          "resolved": "https://registry.npmjs.org/any-promise/-/any-promise-1.3.0.tgz",
          "integrity": "sha512-7UvmKalWRt1wgjL1RrGxoSJW/0QZFIegpeGvZG9kjp8vrRu55XTHbwnqq2GpXm9uLbcuhxm3IqX9OB4MZR1b2A==",
          "dev": true
        },
        "aws-sdk": {
          "version": "2.9.0",
          "resolved": "https://registry.npmjs.org/aws-sdk/-/aws-sdk-2.9.0.tgz",
          "integrity": "sha512-PGjmpklOTmhH4IT1EozceRAzJjbxn+k9hIRvscWE8VnVnQsHmJNA7V3By2FMV3PhcZQeQfudw43wxi4VtTO/Qg==",
          "dev": true,
          "requires": {
            "buffer": "4.9.1",
            "crypto-browserify": "1.0.9",
            "jmespath": "0.15.0",
            "querystring": "0.2.0",
            "sax": "1.1.5",
            "url": "0.10.3",
            "uuid": "3.0.0",
            "xml2js": "0.4.15",
            "xmlbuilder": "2.6.2"
          }
        },
        "balanced-match": {
          "version": "0.4.2",
          "resolved": "https://registry.npmjs.org/balanced-match/-/balanced-match-0.4.2.tgz",
          "integrity": "sha512-STw03mQKnGUYtoNjmowo4F2cRmIIxYEGiMsjjwla/u5P1lxadj/05WkNaFjNiKTgJkj8KiXbgAiRTmcQRwQNtg==",
          "dev": true
        },
        "base64-js": {
          "version": "1.2.0",
          "resolved": "https://registry.npmjs.org/base64-js/-/base64-js-1.2.0.tgz",
          "integrity": "sha512-hURVuTTGLOppKhjSe9lZy4NCjnvaIAF/juwazv4WtHwsk5rxKrU1WbxN+XtwKDSvkrNbIIaTBQd9wUsSwruZUg==",
          "dev": true
        },
        "brace-expansion": {
          "version": "1.1.6",
          "resolved": "https://registry.npmjs.org/brace-expansion/-/brace-expansion-1.1.6.tgz",
          "integrity": "sha512-do+EUHPJZmz1wYWxOspwBMwgEqs0T5xSClPfYRwug3giEKZoiuMN9Ans1hjT8yZZ1Dkx1oaU4yRe540HKKHA0A==",
          "dev": true,
          "requires": {
            "balanced-match": "^0.4.1",
            "concat-map": "0.0.1"
          }
        },
        "buffer": {
          "version": "4.9.1",
          "resolved": "https://registry.npmjs.org/buffer/-/buffer-4.9.1.tgz",
          "integrity": "sha512-DNK4ruAqtyHaN8Zne7PkBTO+dD1Lr0YfTduMqlIyjvQIoztBkUxrvL+hKeLW8NXFKHOq/2upkxuoS9znQ9bW9A==",
          "dev": true,
          "requires": {
            "base64-js": "^1.0.2",
            "ieee754": "^1.1.4",
            "isarray": "^1.0.0"
          }
        },
        "child-process-promise": {
          "version": "2.2.0",
          "resolved": "https://registry.npmjs.org/child-process-promise/-/child-process-promise-2.2.0.tgz",
          "integrity": "sha512-FeG1OIlEhTFROYp6AyM5SYcwEoE5isFC2qb2JLij6dcSaemV95BXBc8Vecw+tD5m8THYWxTKRCFe33nSEpMMZg==",
          "requires": {
            "cross-spawn": "^4.0.2",
            "node-version": "^1.0.0",
            "promise-polyfill": "^6.0.1"
          }
        },
        "cli-color": {
          "version": "0.1.7",
          "resolved": "https://registry.npmjs.org/cli-color/-/cli-color-0.1.7.tgz",
          "integrity": "sha512-xNaQxWYgI6DD4xIJLn8GY2zDZVbrN0vsU1fEbDNAHZRyceWhpj7A08mYcG1AY92q1Aw0geYkVfiAcEYIZtuTSg==",
          "dev": true,
          "requires": {
            "es5-ext": "0.8.x"
          }
        },
        "concat-map": {
          "version": "0.0.1",
          "resolved": "https://registry.npmjs.org/concat-map/-/concat-map-0.0.1.tgz",
          "integrity": "sha512-/Srv4dswyQNBfohGpz9o6Yb3Gz3SrUDqBH5rTuhGR7ahtlbYKnVxw2bCFMRljaA7EXHaXZ8wsHdodFvbkhKmqg==",
          "dev": true
        },
        "cross-spawn": {
          "version": "4.0.2",
          "resolved": "https://registry.npmjs.org/cross-spawn/-/cross-spawn-4.0.2.tgz",
          "integrity": "sha512-yAXz/pA1tD8Gtg2S98Ekf/sewp3Lcp3YoFKJ4Hkp5h5yLWnKVTDU0kwjKJ8NDCYcfTLfyGkzTikst+jWypT1iA==",
          "requires": {
            "lru-cache": "^4.0.1",
            "which": "^1.2.9"
          }
        },
        "crypto-browserify": {
          "version": "1.0.9",
          "resolved": "https://registry.npmjs.org/crypto-browserify/-/crypto-browserify-1.0.9.tgz",
          "integrity": "sha512-fWmkaZPmccreTmANMdpvI0UrF34pzTAZDLKDcF0n5ThwpyeAs+DtSVxyhrZc6kHFiOFdyzjW5uZ8jAWE3kNY6A==",
          "dev": true
        },
        "difflib": {
          "version": "0.2.4",
          "resolved": "https://registry.npmjs.org/difflib/-/difflib-0.2.4.tgz",
          "integrity": "sha512-9YVwmMb0wQHQNr5J9m6BSj6fk4pfGITGQOOs+D9Fl+INODWFOfvhIU1hNv6GgR1RBoC/9NJcwu77zShxV0kT7w==",
          "dev": true,
          "requires": {
            "heap": ">= 0.2.0"
          }
        },
        "dreamopt": {
          "version": "0.6.0",
          "resolved": "https://registry.npmjs.org/dreamopt/-/dreamopt-0.6.0.tgz",
          "integrity": "sha512-KRJa47iBEK0y6ZtgCgy2ykuvMT8c9gj3ua9Dv7vCkclFJJeH2FjhGY2xO5qBoWGahsjCGMlk4Cq9wJYeWxuYhQ==",
          "dev": true,
          "requires": {
            "wordwrap": ">=0.0.2"
          }
        },
        "es5-ext": {
          "version": "0.8.2",
          "resolved": "https://registry.npmjs.org/es5-ext/-/es5-ext-0.8.2.tgz",
          "integrity": "sha512-H19ompyhnKiBdjHR1DPHvf5RHgHPmJaY9JNzFGbMbPgdsUkvnUCN1Ke8J4Y0IMyTwFM2M9l4h2GoHwzwpSmXbA==",
          "dev": true
        },
        "fs-extra": {
          "version": "0.26.7",
          "resolved": "https://registry.npmjs.org/fs-extra/-/fs-extra-0.26.7.tgz",
          "integrity": "sha512-waKu+1KumRhYv8D8gMRCKJGAMI9pRnPuEb1mvgYD0f7wBscg+h6bW4FDTmEZhB9VKxvoTtxW+Y7bnIlB7zja6Q==",
          "dev": true,
          "requires": {
            "graceful-fs": "^4.1.2",
            "jsonfile": "^2.1.0",
            "klaw": "^1.0.0",
            "path-is-absolute": "^1.0.0",
            "rimraf": "^2.2.8"
          }
        },
        "fs-promise": {
          "version": "0.5.0",
          "resolved": "https://registry.npmjs.org/fs-promise/-/fs-promise-0.5.0.tgz",
          "integrity": "sha512-Y+4F4ujhEcayCJt6JmzcOun9MYGQwz+bVUiuBmTkJImhBHKpBvmVPZR9wtfiF7k3ffwAOAuurygQe+cPLSFQhw==",
          "dev": true,
          "requires": {
            "any-promise": "^1.0.0",
            "fs-extra": "^0.26.5",
            "mz": "^2.3.1",
            "thenify-all": "^1.6.0"
          }
        },
        "fs.realpath": {
          "version": "1.0.0",
          "resolved": "https://registry.npmjs.org/fs.realpath/-/fs.realpath-1.0.0.tgz",
          "integrity": "sha512-OO0pH2lK6a0hZnAdau5ItzHPI6pUlvI7jMVnxUQRtw4owF2wk8lOSabtGDCTP4Ggrg2MbGnWO9X8K1t4+fGMDw==",
          "dev": true
        },
        "glob": {
          "version": "7.1.1",
          "resolved": "https://registry.npmjs.org/glob/-/glob-7.1.1.tgz",
          "integrity": "sha512-mRyN/EsN2SyNhKWykF3eEGhDpeNplMWaW18Bmh76tnOqk5TbELAVwFAYOCmKVssOYFrYvvLMguiA+NXO3ZTuVA==",
          "dev": true,
          "requires": {
            "fs.realpath": "^1.0.0",
            "inflight": "^1.0.4",
            "inherits": "2",
            "minimatch": "^3.0.2",
            "once": "^1.3.0",
            "path-is-absolute": "^1.0.0"
          }
        },
        "graceful-fs": {
          "version": "4.1.11",
          "resolved": "https://registry.npmjs.org/graceful-fs/-/graceful-fs-4.1.11.tgz",
          "integrity": "sha512-9x6DLUuW+ROFdMTII9ec9t/FK8va6kYcC8/LggumssLM8kNv7IdFl3VrNUqgir2tJuBVxBga1QBoRziZacO5Zg==",
          "dev": true
        },
        "heap": {
          "version": "0.2.6",
          "resolved": "https://registry.npmjs.org/heap/-/heap-0.2.6.tgz",
          "integrity": "sha512-MzzWcnfB1e4EG2vHi3dXHoBupmuXNZzx6pY6HldVS55JKKBoq3xOyzfSaZRkJp37HIhEYC78knabHff3zc4dQQ==",
          "dev": true
        },
        "ieee754": {
          "version": "1.1.8",
          "resolved": "https://registry.npmjs.org/ieee754/-/ieee754-1.1.8.tgz",
          "integrity": "sha512-/aoyv2Nt7mGLnCAWzE0C1WH9Xd8ZsqR0f4Pjwxputi1JNm01+InyAYQotF4N+ulEIjbEsJo22NOHr+U/XEZ1Pw==",
          "dev": true
        },
        "inflight": {
          "version": "1.0.6",
          "resolved": "https://registry.npmjs.org/inflight/-/inflight-1.0.6.tgz",
          "integrity": "sha512-k92I/b08q4wvFscXCLvqfsHCrjrF7yiXsQuIVvVE7N82W3+aqpzuUdBbfhWcy/FZR3/4IgflMgKLOsvPDrGCJA==",
          "dev": true,
          "requires": {
            "once": "^1.3.0",
            "wrappy": "1"
          }
        },
        "inherits": {
          "version": "2.0.3",
          "resolved": "https://registry.npmjs.org/inherits/-/inherits-2.0.3.tgz",
          "integrity": "sha512-x00IRNXNy63jwGkJmzPigoySHbaqpNuzKbBOmzK+g2OdZpQ9w+sxCN+VSB3ja7IAge2OP2qpfxTjeNcyjmW1uw==",
          "dev": true
        },
        "isarray": {
          "version": "1.0.0",
          "resolved": "https://registry.npmjs.org/isarray/-/isarray-1.0.0.tgz",
          "integrity": "sha512-VLghIWNM6ELQzo7zwmcg0NmTVyWKYjvIeM83yjp0wRDTmUnrM678fQbcKBo6n2CJEF0szoG//ytg+TKla89ALQ==",
          "dev": true
        },
        "isexe": {
          "version": "1.1.2",
          "resolved": "https://registry.npmjs.org/isexe/-/isexe-1.1.2.tgz",
          "integrity": "sha512-d2eJzK691yZwPHcv1LbeAOa91yMJ9QmfTgSO1oXB65ezVhXQsxBac2vEB4bMVms9cGzaA99n6V2viHMq82VLDw=="
        },
        "jmespath": {
          "version": "0.15.0",
          "resolved": "https://registry.npmjs.org/jmespath/-/jmespath-0.15.0.tgz",
          "integrity": "sha512-+kHj8HXArPfpPEKGLZ+kB5ONRTCiGQXo8RQYL0hH8t6pWXUBBK5KkkQmTNOwKK4LEsd0yTsgtjJVm4UBSZea4w==",
          "dev": true
        },
        "json-diff": {
          "version": "0.3.1",
          "resolved": "https://registry.npmjs.org/json-diff/-/json-diff-0.3.1.tgz",
          "integrity": "sha512-RmW5zs4FSOKCeF3ZiYLTYzq+gbm6JA01x27UHU16k7KlEhCWgE4FUK/rEPhq7C77VEebRKO6C7l+Tmtm1Er8ug==",
          "dev": true,
          "requires": {
            "cli-color": "~0.1.6",
            "difflib": "~0.2.1",
            "dreamopt": "~0.6.0"
          }
        },
        "jsonfile": {
          "version": "2.4.0",
          "resolved": "https://registry.npmjs.org/jsonfile/-/jsonfile-2.4.0.tgz",
          "integrity": "sha512-PKllAqbgLgxHaj8TElYymKCAgrASebJrWpTnEkOaTowt23VKXXN0sUeriJ+eh7y6ufb/CC5ap11pz71/cM0hUw==",
          "dev": true,
          "requires": {
            "graceful-fs": "^4.1.6"
          }
        },
        "klaw": {
          "version": "1.3.1",
          "resolved": "https://registry.npmjs.org/klaw/-/klaw-1.3.1.tgz",
          "integrity": "sha512-TED5xi9gGQjGpNnvRWknrwAB1eL5GciPfVFOt3Vk1OJCVDQbzuSfrF3hkUQKlsgKrG1F+0t5W0m+Fje1jIt8rw==",
          "dev": true,
          "requires": {
            "graceful-fs": "^4.1.9"
          }
        },
        "lru-cache": {
          "version": "4.0.2",
          "resolved": "https://registry.npmjs.org/lru-cache/-/lru-cache-4.0.2.tgz",
          "integrity": "sha512-uQw9OqphAGiZhkuPlpFGmdTU2tEuhxTourM/19qGJrxBPHAr/f8BT1a0i/lOclESnGatdJG/UCkP9kZB/Lh1iw==",
          "requires": {
            "pseudomap": "^1.0.1",
            "yallist": "^2.0.0"
          }
        },
        "minimatch": {
          "version": "3.0.3",
          "resolved": "https://registry.npmjs.org/minimatch/-/minimatch-3.0.3.tgz",
          "integrity": "sha512-NyXjqu1IwcqH6nv5vmMtaG3iw7kdV3g6MwlUBZkc3Vn5b5AMIWYKfptvzipoyFfhlfOgBQ9zoTxQMravF1QTnw==",
          "dev": true,
          "requires": {
            "brace-expansion": "^1.0.0"
          }
        },
        "mz": {
          "version": "2.6.0",
          "resolved": "https://registry.npmjs.org/mz/-/mz-2.6.0.tgz",
          "integrity": "sha512-8js8Gn0gxv5D/dqve1Idd6LfvgxRB8eGFNWUq4skKiQKTzqVxdUQFAYPmot4jfbcyD5vMWsqGPqv24ZTN61vPA==",
          "dev": true,
          "requires": {
            "any-promise": "^1.0.0",
            "object-assign": "^4.0.1",
            "thenify-all": "^1.0.0"
          }
        },
        "node-version": {
          "version": "1.0.0",
          "resolved": "https://registry.npmjs.org/node-version/-/node-version-1.0.0.tgz",
          "integrity": "sha512-B6bmLPGU7cRFjv3kYcAm5eQNCPwHJL+4aLbkJTY+lCIRkiWth+omq5lS/UgCvR3wtlWlEzMRvBSjzXGRZ8vuiw=="
        },
        "object-assign": {
          "version": "4.1.1",
          "resolved": "https://registry.npmjs.org/object-assign/-/object-assign-4.1.1.tgz",
          "integrity": "sha512-rJgTQnkUnH1sFw8yT6VSU3zD3sWmu6sZhIseY8VX+GRu3P6F7Fu+JNDoXfklElbLJSnc3FUQHVe4cU5hj+BcUg==",
          "dev": true
        },
        "once": {
          "version": "1.4.0",
          "resolved": "https://registry.npmjs.org/once/-/once-1.4.0.tgz",
          "integrity": "sha512-lNaJgI+2Q5URQBkccEKHTQOPaXdUxnZZElQTZY0MFUAuaEqe1E+Nyvgdz/aIyNi6Z9MzO5dv1H8n58/GELp3+w==",
          "dev": true,
          "requires": {
            "wrappy": "1"
          }
        },
        "path-is-absolute": {
          "version": "1.0.1",
          "resolved": "https://registry.npmjs.org/path-is-absolute/-/path-is-absolute-1.0.1.tgz",
          "integrity": "sha512-AVbw3UJ2e9bq64vSaS9Am0fje1Pa8pbGqTTsmXfaIiMpnr5DlDhfJOuLj9Sf95ZPVDAUerDfEk88MPmPe7UCQg==",
          "dev": true
        },
        "promise-polyfill": {
          "version": "6.0.2",
          "resolved": "https://registry.npmjs.org/promise-polyfill/-/promise-polyfill-6.0.2.tgz",
          "integrity": "sha512-K5xBeAk5TElKx3CI3G6LFeVk9Xe6EiunTzaHHkYs6OGugQhSLi5TH00RBvPgqJlD46juH/n2T+/88ZYtLjZAmA=="
        },
        "pseudomap": {
          "version": "1.0.2",
          "resolved": "https://registry.npmjs.org/pseudomap/-/pseudomap-1.0.2.tgz",
          "integrity": "sha512-b/YwNhb8lk1Zz2+bXXpS/LK9OisiZZ1SNsSLxN1x2OXVEhW2Ckr/7mWE5vrC1ZTiJlD9g19jWszTmJsB+oEpFQ=="
        },
        "punycode": {
          "version": "1.3.2",
          "resolved": "https://registry.npmjs.org/punycode/-/punycode-1.3.2.tgz",
          "integrity": "sha512-RofWgt/7fL5wP1Y7fxE7/EmTLzQVnB0ycyibJ0OOHIlJqTNzglYFxVwETOcIoJqJmpDXJ9xImDv+Fq34F/d4Dw==",
          "dev": true
        },
        "querystring": {
          "version": "0.2.0",
          "resolved": "https://registry.npmjs.org/querystring/-/querystring-0.2.0.tgz",
          "integrity": "sha512-X/xY82scca2tau62i9mDyU9K+I+djTMUsvwf7xnUX5GLvVzgJybOJf4Y6o9Zx3oJK/LSXg5tTZBjwzqVPaPO2g==",
          "dev": true
        },
        "rimraf": {
          "version": "2.5.4",
          "resolved": "https://registry.npmjs.org/rimraf/-/rimraf-2.5.4.tgz",
          "integrity": "sha512-Lw7SHMjssciQb/rRz7JyPIy9+bbUshEucPoLRvWqy09vC5zQixl8Uet+Zl+SROBB/JMWHJRdCk1qdxNWHNMvlQ==",
          "dev": true,
          "requires": {
            "glob": "^7.0.5"
          }
        },
        "sax": {
          "version": "1.1.5",
          "resolved": "https://registry.npmjs.org/sax/-/sax-1.1.5.tgz",
          "integrity": "sha512-z19WXQiOz8RBu3zDpOE9541RgB7Q5NecZ7SAgU3yUvqhMNvG4hTChbrutzpDyDSHmeHouR5Rqk4eup1o6C6dxQ==",
          "dev": true
        },
        "thenify": {
          "version": "3.2.1",
          "resolved": "https://registry.npmjs.org/thenify/-/thenify-3.2.1.tgz",
          "integrity": "sha512-G0QT02yO1jmfA6lzyVYwu14Nw0HBTfsxM2Ixr3rCR4DXT94FtZNEnjPOVDqn7qVQV50INfEW2hNsFBuwCBs6Ow==",
          "dev": true,
          "requires": {
            "any-promise": "^1.0.0"
          }
        },
        "thenify-all": {
          "version": "1.6.0",
          "resolved": "https://registry.npmjs.org/thenify-all/-/thenify-all-1.6.0.tgz",
          "integrity": "sha512-RNxQH/qI8/t3thXJDwcstUO4zeqo64+Uy/+sNVRBx4Xn2OX+OZ9oP+iJnNFqplFra2ZUVeKCSa2oVWi3T4uVmA==",
          "dev": true,
          "requires": {
            "thenify": ">= 3.1.0 < 4"
          }
        },
        "url": {
          "version": "0.10.3",
          "resolved": "https://registry.npmjs.org/url/-/url-0.10.3.tgz",
          "integrity": "sha512-hzSUW2q06EqL1gKM/a+obYHLIO6ct2hwPuviqTTOcfFVc61UbfJ2Q32+uGL/HCPxKqrdGB5QUwIe7UqlDgwsOQ==",
          "dev": true,
          "requires": {
            "punycode": "1.3.2",
            "querystring": "0.2.0"
          }
        },
        "uuid": {
          "version": "3.0.0",
          "resolved": "https://registry.npmjs.org/uuid/-/uuid-3.0.0.tgz",
          "integrity": "sha512-rqE1LoOVLv3QrZMjb4NkF5UWlkurCfPyItVnFPNKDDGkHw4dQUdE4zMcLqx28+0Kcf3+bnUk4PisaiRJT4aiaQ==",
          "dev": true
        },
        "which": {
          "version": "1.2.12",
          "resolved": "https://registry.npmjs.org/which/-/which-1.2.12.tgz",
          "integrity": "sha512-1RH0iipPxZQ2CHSa6cYPnmseyen7+JkeEqvYLWI4PbJc5gA4/fzeeA0nnCwlHxJoxgWixbRXdFnqj70mkewlVA==",
          "requires": {
            "isexe": "^1.1.1"
          }
        },
        "wordwrap": {
          "version": "1.0.0",
          "resolved": "https://registry.npmjs.org/wordwrap/-/wordwrap-1.0.0.tgz",
          "integrity": "sha512-gvVzJFlPycKc5dZN4yPkP8w7Dc37BtP1yczEneOb4uq34pXZcvrtRTmWV8W+Ume+XCxKgbjM+nevkyFPMybd4Q==",
          "dev": true
        },
        "wrappy": {
          "version": "1.0.2",
          "resolved": "https://registry.npmjs.org/wrappy/-/wrappy-1.0.2.tgz",
          "integrity": "sha512-l4Sp/DRseor9wL6EvV2+TuQn63dMkPjZ/sp9XkghTEbV9KlPS1xUsZ3u7/IQO4wxtcFB4bgpQPRcR3QCvezPcQ==",
          "dev": true
        },
        "xml2js": {
          "version": "0.4.15",
          "resolved": "https://registry.npmjs.org/xml2js/-/xml2js-0.4.15.tgz",
          "integrity": "sha512-7kiknY222Be8HfanusoisInC58cAnxE0W0u+5NrSF9piZh4RQDHfDzbRiOWjqY5CiHybCjlxI24mmjLOuZ4/rQ==",
          "dev": true,
          "requires": {
            "sax": ">=0.6.0",
            "xmlbuilder": ">=2.4.6"
          }
        },
        "xmlbuilder": {
          "version": "2.6.2",
          "resolved": "https://registry.npmjs.org/xmlbuilder/-/xmlbuilder-2.6.2.tgz",
          "integrity": "sha512-wJQzq0KF5ZlHUR2LfkTldfT91recShIEBu1rWv3buMlZ7lfyJa8XreOuNjxRrnxdkqETPq+uF7RgDcXgY50T4w==",
          "dev": true,
          "requires": {
            "lodash": "~3.5.0"
          },
          "dependencies": {
            "lodash": {
              "version": "3.5.0",
              "resolved": "https://registry.npmjs.org/lodash/-/lodash-3.5.0.tgz",
              "integrity": "sha512-eC2gi6pEoXXAWKz1fKvWnA0wOdBPsvTVFT71szjM6dFoDE9llinK81xW4EH4QxF+wNZoVeLIxUp21BDPniMn4g==",
              "dev": true
            }
          }
        },
        "yallist": {
          "version": "2.0.0",
          "resolved": "https://registry.npmjs.org/yallist/-/yallist-2.0.0.tgz",
          "integrity": "sha512-l446SSVnGyIspyBekF2U4g2cUMLwBJLu3IvXvqDSwmJFWtAgQ9B8CtHArNluFgI7nPm5+EEbH12fwPIwSXPQyg=="
        }
      }
    },
    "shimmer": {
      "version": "1.2.1",
      "resolved": "https://registry.npmjs.org/shimmer/-/shimmer-1.2.1.tgz",
      "integrity": "sha512-sQTKC1Re/rM6XyFM6fIAGHRPVGvyXfgzIDvzoq608vM+jeyVD0Tu1E6Np0Kc2zAIFWIj963V2800iF/9LPieQw=="
    },
    "stack-chain": {
      "version": "1.3.7",
      "resolved": "https://registry.npmjs.org/stack-chain/-/stack-chain-1.3.7.tgz",
      "integrity": "sha1-0ZLJ/06moiyUxN1FkXHj8AzqEoU="
    }
  }
}
